
Microsoft Visual Studio Solution File, Format Version 12.00
# Visual Studio Version 16
VisualStudioVersion = 16.0.30907.101
MinimumVisualStudioVersion = 10.0.40219.1
Project("{9A19103F-16F7-4668-BE54-9A1E7A4F7556}") = "MedicineTrackingSystem", "MedicineTrackingSystem.csproj", "{3953B04F-2D01-497D-9897-31E484F38B1F}"
EndProject
Project("{9A19103F-16F7-4668-BE54-9A1E7A4F7556}") = "MedicineTrackingSystem.Models", "..\MedicineTrackingSystem.Models\MedicineTrackingSystem.Models.csproj", "{43217FCE-CC94-417A-9BCB-704BD24FC9FA}"
EndProject
Project("{9A19103F-16F7-4668-BE54-9A1E7A4F7556}") = "MedicineTrackingSystem.Services", "..\MedicineTrackingSystem.Services\MedicineTrackingSystem.Services.csproj", "{5DCF568B-B895-4031-916A-495BD8342196}"
EndProject
Project("{FAE04EC0-301F-11D3-BF4B-00C04F79EFBC}") = "MedicineTrackingSystem.Test", "..\MedicineTrackingSystem.Test\MedicineTrackingSystem.Test.csproj", "{33631818-8730-40F6-87CE-9A706BFC3A8B}"
EndProject
Global
	GlobalSection(SolutionConfigurationPlatforms) = preSolution
		Debug|Any CPU = Debug|Any CPU
		Release|Any CPU = Release|Any CPU
	EndGlobalSection
	GlobalSection(ProjectConfigurationPlatforms) = postSolution
		{3953B04F-2D01-497D-9897-31E484F38B1F}.Debug|Any CPU.ActiveCfg = Debug|Any CPU
		{3953B04F-2D01-497D-9897-31E484F38B1F}.Debug|Any CPU.Build.0 = Debug|Any CPU
		{3953B04F-2D01-497D-9897-31E484F38B1F}.Release|Any CPU.ActiveCfg = Release|Any CPU
		{3953B04F-2D01-497D-9897-31E484F38B1F}.Release|Any CPU.Build.0 = Release|Any CPU
		{43217FCE-CC94-417A-9BCB-704BD24FC9FA}.Debug|Any CPU.ActiveCfg = Debug|Any CPU
		{43217FCE-CC94-417A-9BCB-704BD24FC9FA}.Debug|Any CPU.Build.0 = Debug|Any CPU
		{43217FCE-CC94-417A-9BCB-704BD24FC9FA}.Release|Any CPU.ActiveCfg = Release|Any CPU
		{43217FCE-CC94-417A-9BCB-704BD24FC9FA}.Release|Any CPU.Build.0 = Release|Any CPU
		{5DCF568B-B895-4031-916A-495BD8342196}.Debug|Any CPU.ActiveCfg = Debug|Any CPU
		{5DCF568B-B895-4031-916A-495BD8342196}.Debug|Any CPU.Build.0 = Debug|Any CPU
		{5DCF568B-B895-4031-916A-495BD8342196}.Release|Any CPU.ActiveCfg = Release|Any CPU
		{5DCF568B-B895-4031-916A-495BD8342196}.Release|Any CPU.Build.0 = Release|Any CPU
		{33631818-8730-40F6-87CE-9A706BFC3A8B}.Debug|Any CPU.ActiveCfg = Debug|Any CPU
		{33631818-8730-40F6-87CE-9A706BFC3A8B}.Debug|Any CPU.Build.0 = Debug|Any CPU
		{33631818-8730-40F6-87CE-9A706BFC3A8B}.Release|Any CPU.ActiveCfg = Release|Any CPU
		{33631818-8730-40F6-87CE-9A706BFC3A8B}.Release|Any CPU.Build.0 = Release|Any CPU
	EndGlobalSection
	GlobalSection(SolutionProperties) = preSolution
		HideSolutionNode = FALSE
	EndGlobalSection
	GlobalSection(ExtensibilityGlobals) = postSolution
		SolutionGuid = {5B424DC2-3BD3-4FCD-A415-9D0143FBD887}
	EndGlobalSection
EndGlobal
